
Microsoft Visual Studio Solution File, Format Version 12.00
# Visual Studio 15
VisualStudioVersion = 15.0.27703.2047
MinimumVisualStudioVersion = 10.0.40219.1
Project("{9A19103F-16F7-4668-BE54-9A1E7A4F7556}") = "Entity", "Entity\Entity.csproj", "{F8F6317F-767E-43A8-8A8E-0C51CAC674C8}"
EndProject
Project("{FAE04EC0-301F-11D3-BF4B-00C04F79EFBC}") = "Test", "Test\Test.csproj", "{37A52C18-963E-4BE3-88B3-EADE7F1CFE8F}"
EndProject
Project("{9A19103F-16F7-4668-BE54-9A1E7A4F7556}") = "InputParamsCheckerTool", "InputParamsCheckerTool\InputParamsCheckerTool.csproj", "{CF125DB3-C27D-49EF-9BC1-C9DFA12A1100}"
EndProject
Global
	GlobalSection(SolutionConfigurationPlatforms) = preSolution
		Debug|Any CPU = Debug|Any CPU
		Release|Any CPU = Release|Any CPU
	EndGlobalSection
	GlobalSection(ProjectConfigurationPlatforms) = postSolution
		{F8F6317F-767E-43A8-8A8E-0C51CAC674C8}.Debug|Any CPU.ActiveCfg = Debug|Any CPU
		{F8F6317F-767E-43A8-8A8E-0C51CAC674C8}.Debug|Any CPU.Build.0 = Debug|Any CPU
		{F8F6317F-767E-43A8-8A8E-0C51CAC674C8}.Release|Any CPU.ActiveCfg = Release|Any CPU
		{F8F6317F-767E-43A8-8A8E-0C51CAC674C8}.Release|Any CPU.Build.0 = Release|Any CPU
		{37A52C18-963E-4BE3-88B3-EADE7F1CFE8F}.Debug|Any CPU.ActiveCfg = Debug|Any CPU
		{37A52C18-963E-4BE3-88B3-EADE7F1CFE8F}.Debug|Any CPU.Build.0 = Debug|Any CPU
		{37A52C18-963E-4BE3-88B3-EADE7F1CFE8F}.Release|Any CPU.ActiveCfg = Release|Any CPU
		{37A52C18-963E-4BE3-88B3-EADE7F1CFE8F}.Release|Any CPU.Build.0 = Release|Any CPU
		{CF125DB3-C27D-49EF-9BC1-C9DFA12A1100}.Debug|Any CPU.ActiveCfg = Debug|Any CPU
		{CF125DB3-C27D-49EF-9BC1-C9DFA12A1100}.Debug|Any CPU.Build.0 = Debug|Any CPU
		{CF125DB3-C27D-49EF-9BC1-C9DFA12A1100}.Release|Any CPU.ActiveCfg = Release|Any CPU
		{CF125DB3-C27D-49EF-9BC1-C9DFA12A1100}.Release|Any CPU.Build.0 = Release|Any CPU
	EndGlobalSection
	GlobalSection(SolutionProperties) = preSolution
		HideSolutionNode = FALSE
	EndGlobalSection
	GlobalSection(ExtensibilityGlobals) = postSolution
		SolutionGuid = {E315BE24-FEAC-4C36-A1B5-F972B098FFE4}
	EndGlobalSection
EndGlobal
